
Microsoft Visual Studio Solution File, Format Version 12.00
# Visual Studio 15
VisualStudioVersion = 15.0.26730.10
MinimumVisualStudioVersion = 10.0.40219.1
Project("{FAE04EC0-301F-11D3-BF4B-00C04F79EFBC}") = "KeywordResearchTool.ConsoleUI", "KeywordResearchTool.Console\KeywordResearchTool.ConsoleUI.csproj", "{418B3772-4B92-40A5-813A-DEAE51EC7E70}"
EndProject
Project("{FAE04EC0-301F-11D3-BF4B-00C04F79EFBC}") = "KeywordResearchTool.BLL", "KeywordResearchTool.BLL\KeywordResearchTool.BLL.csproj", "{5FD06E7B-AE23-4908-9B3C-18A11FEE89A5}"
EndProject
Global
	GlobalSection(SolutionConfigurationPlatforms) = preSolution
		Debug|Any CPU = Debug|Any CPU
		Release|Any CPU = Release|Any CPU
	EndGlobalSection
	GlobalSection(ProjectConfigurationPlatforms) = postSolution
		{418B3772-4B92-40A5-813A-DEAE51EC7E70}.Debug|Any CPU.ActiveCfg = Debug|Any CPU
		{418B3772-4B92-40A5-813A-DEAE51EC7E70}.Debug|Any CPU.Build.0 = Debug|Any CPU
		{418B3772-4B92-40A5-813A-DEAE51EC7E70}.Release|Any CPU.ActiveCfg = Release|Any CPU
		{418B3772-4B92-40A5-813A-DEAE51EC7E70}.Release|Any CPU.Build.0 = Release|Any CPU
		{5FD06E7B-AE23-4908-9B3C-18A11FEE89A5}.Debug|Any CPU.ActiveCfg = Debug|Any CPU
		{5FD06E7B-AE23-4908-9B3C-18A11FEE89A5}.Debug|Any CPU.Build.0 = Debug|Any CPU
		{5FD06E7B-AE23-4908-9B3C-18A11FEE89A5}.Release|Any CPU.ActiveCfg = Release|Any CPU
		{5FD06E7B-AE23-4908-9B3C-18A11FEE89A5}.Release|Any CPU.Build.0 = Release|Any CPU
	EndGlobalSection
	GlobalSection(SolutionProperties) = preSolution
		HideSolutionNode = FALSE
	EndGlobalSection
	GlobalSection(ExtensibilityGlobals) = postSolution
		SolutionGuid = {D153640B-599A-4BEA-87E5-475A6A8DDAAA}
	EndGlobalSection
EndGlobal
